
Microsoft Visual Studio Solution File, Format Version 12.00
# Visual Studio Version 16
VisualStudioVersion = 16.0.31624.102
MinimumVisualStudioVersion = 10.0.40219.1
Project("{FAE04EC0-301F-11D3-BF4B-00C04F79EFBC}") = "Ejercicio09.Android", "Ejercicio09\Ejercicio09.Android\Ejercicio09.Android.csproj", "{504ACB8D-512B-4110-B21D-66F254E48AA0}"
EndProject
Project("{FAE04EC0-301F-11D3-BF4B-00C04F79EFBC}") = "Ejercicio09.iOS", "Ejercicio09\Ejercicio09.iOS\Ejercicio09.iOS.csproj", "{026D56BB-236E-4C2E-8683-870C9B720D37}"
EndProject
Project("{9A19103F-16F7-4668-BE54-9A1E7A4F7556}") = "Ejercicio09", "Ejercicio09\Ejercicio09\Ejercicio09.csproj", "{8EBF8E36-526B-442E-9360-97F8F0FAE41E}"
EndProject
Global
	GlobalSection(SolutionConfigurationPlatforms) = preSolution
		Debug|Any CPU = Debug|Any CPU
		Debug|iPhone = Debug|iPhone
		Debug|iPhoneSimulator = Debug|iPhoneSimulator
		Release|Any CPU = Release|Any CPU
		Release|iPhone = Release|iPhone
		Release|iPhoneSimulator = Release|iPhoneSimulator
	EndGlobalSection
	GlobalSection(ProjectConfigurationPlatforms) = postSolution
		{504ACB8D-512B-4110-B21D-66F254E48AA0}.Debug|Any CPU.ActiveCfg = Debug|Any CPU
		{504ACB8D-512B-4110-B21D-66F254E48AA0}.Debug|Any CPU.Build.0 = Debug|Any CPU
		{504ACB8D-512B-4110-B21D-66F254E48AA0}.Debug|Any CPU.Deploy.0 = Debug|Any CPU
		{504ACB8D-512B-4110-B21D-66F254E48AA0}.Debug|iPhone.ActiveCfg = Debug|Any CPU
		{504ACB8D-512B-4110-B21D-66F254E48AA0}.Debug|iPhone.Build.0 = Debug|Any CPU
		{504ACB8D-512B-4110-B21D-66F254E48AA0}.Debug|iPhone.Deploy.0 = Debug|Any CPU
		{504ACB8D-512B-4110-B21D-66F254E48AA0}.Debug|iPhoneSimulator.ActiveCfg = Debug|Any CPU
		{504ACB8D-512B-4110-B21D-66F254E48AA0}.Debug|iPhoneSimulator.Build.0 = Debug|Any CPU
		{504ACB8D-512B-4110-B21D-66F254E48AA0}.Debug|iPhoneSimulator.Deploy.0 = Debug|Any CPU
		{504ACB8D-512B-4110-B21D-66F254E48AA0}.Release|Any CPU.ActiveCfg = Release|Any CPU
		{504ACB8D-512B-4110-B21D-66F254E48AA0}.Release|Any CPU.Build.0 = Release|Any CPU
		{504ACB8D-512B-4110-B21D-66F254E48AA0}.Release|Any CPU.Deploy.0 = Release|Any CPU
		{504ACB8D-512B-4110-B21D-66F254E48AA0}.Release|iPhone.ActiveCfg = Release|Any CPU
		{504ACB8D-512B-4110-B21D-66F254E48AA0}.Release|iPhone.Build.0 = Release|Any CPU
		{504ACB8D-512B-4110-B21D-66F254E48AA0}.Release|iPhone.Deploy.0 = Release|Any CPU
		{504ACB8D-512B-4110-B21D-66F254E48AA0}.Release|iPhoneSimulator.ActiveCfg = Release|Any CPU
		{504ACB8D-512B-4110-B21D-66F254E48AA0}.Release|iPhoneSimulator.Build.0 = Release|Any CPU
		{504ACB8D-512B-4110-B21D-66F254E48AA0}.Release|iPhoneSimulator.Deploy.0 = Release|Any CPU
		{026D56BB-236E-4C2E-8683-870C9B720D37}.Debug|Any CPU.ActiveCfg = Debug|iPhone
		{026D56BB-236E-4C2E-8683-870C9B720D37}.Debug|Any CPU.Build.0 = Debug|iPhone
		{026D56BB-236E-4C2E-8683-870C9B720D37}.Debug|Any CPU.Deploy.0 = Debug|iPhone
		{026D56BB-236E-4C2E-8683-870C9B720D37}.Debug|iPhone.ActiveCfg = Debug|iPhone
		{026D56BB-236E-4C2E-8683-870C9B720D37}.Debug|iPhone.Build.0 = Debug|iPhone
		{026D56BB-236E-4C2E-8683-870C9B720D37}.Debug|iPhone.Deploy.0 = Debug|iPhone
		{026D56BB-236E-4C2E-8683-870C9B720D37}.Debug|iPhoneSimulator.ActiveCfg = Debug|iPhoneSimulator
		{026D56BB-236E-4C2E-8683-870C9B720D37}.Debug|iPhoneSimulator.Build.0 = Debug|iPhoneSimulator
		{026D56BB-236E-4C2E-8683-870C9B720D37}.Debug|iPhoneSimulator.Deploy.0 = Debug|iPhoneSimulator
		{026D56BB-236E-4C2E-8683-870C9B720D37}.Release|Any CPU.ActiveCfg = Release|iPhoneSimulator
		{026D56BB-236E-4C2E-8683-870C9B720D37}.Release|Any CPU.Build.0 = Release|iPhoneSimulator
		{026D56BB-236E-4C2E-8683-870C9B720D37}.Release|Any CPU.Deploy.0 = Release|iPhoneSimulator
		{026D56BB-236E-4C2E-8683-870C9B720D37}.Release|iPhone.ActiveCfg = Release|iPhone
		{026D56BB-236E-4C2E-8683-870C9B720D37}.Release|iPhone.Build.0 = Release|iPhone
		{026D56BB-236E-4C2E-8683-870C9B720D37}.Release|iPhone.Deploy.0 = Release|iPhone
		{026D56BB-236E-4C2E-8683-870C9B720D37}.Release|iPhoneSimulator.ActiveCfg = Release|iPhoneSimulator
		{026D56BB-236E-4C2E-8683-870C9B720D37}.Release|iPhoneSimulator.Build.0 = Release|iPhoneSimulator
		{026D56BB-236E-4C2E-8683-870C9B720D37}.Release|iPhoneSimulator.Deploy.0 = Release|iPhoneSimulator
		{8EBF8E36-526B-442E-9360-97F8F0FAE41E}.Debug|Any CPU.ActiveCfg = Debug|Any CPU
		{8EBF8E36-526B-442E-9360-97F8F0FAE41E}.Debug|Any CPU.Build.0 = Debug|Any CPU
		{8EBF8E36-526B-442E-9360-97F8F0FAE41E}.Debug|Any CPU.Deploy.0 = Debug|Any CPU
		{8EBF8E36-526B-442E-9360-97F8F0FAE41E}.Debug|iPhone.ActiveCfg = Debug|Any CPU
		{8EBF8E36-526B-442E-9360-97F8F0FAE41E}.Debug|iPhone.Build.0 = Debug|Any CPU
		{8EBF8E36-526B-442E-9360-97F8F0FAE41E}.Debug|iPhone.Deploy.0 = Debug|Any CPU
		{8EBF8E36-526B-442E-9360-97F8F0FAE41E}.Debug|iPhoneSimulator.ActiveCfg = Debug|Any CPU
		{8EBF8E36-526B-442E-9360-97F8F0FAE41E}.Debug|iPhoneSimulator.Build.0 = Debug|Any CPU
		{8EBF8E36-526B-442E-9360-97F8F0FAE41E}.Debug|iPhoneSimulator.Deploy.0 = Debug|Any CPU
		{8EBF8E36-526B-442E-9360-97F8F0FAE41E}.Release|Any CPU.ActiveCfg = Release|Any CPU
		{8EBF8E36-526B-442E-9360-97F8F0FAE41E}.Release|Any CPU.Build.0 = Release|Any CPU
		{8EBF8E36-526B-442E-9360-97F8F0FAE41E}.Release|Any CPU.Deploy.0 = Release|Any CPU
		{8EBF8E36-526B-442E-9360-97F8F0FAE41E}.Release|iPhone.ActiveCfg = Release|Any CPU
		{8EBF8E36-526B-442E-9360-97F8F0FAE41E}.Release|iPhone.Build.0 = Release|Any CPU
		{8EBF8E36-526B-442E-9360-97F8F0FAE41E}.Release|iPhone.Deploy.0 = Release|Any CPU
		{8EBF8E36-526B-442E-9360-97F8F0FAE41E}.Release|iPhoneSimulator.ActiveCfg = Release|Any CPU
		{8EBF8E36-526B-442E-9360-97F8F0FAE41E}.Release|iPhoneSimulator.Build.0 = Release|Any CPU
		{8EBF8E36-526B-442E-9360-97F8F0FAE41E}.Release|iPhoneSimulator.Deploy.0 = Release|Any CPU
	EndGlobalSection
	GlobalSection(SolutionProperties) = preSolution
		HideSolutionNode = FALSE
	EndGlobalSection
	GlobalSection(ExtensibilityGlobals) = postSolution
		SolutionGuid = {AB58EF54-6472-4F39-83E2-0EFBC98913C0}
	EndGlobalSection
EndGlobal
